
Microsoft Visual Studio Solution File, Format Version 12.00
# Visual Studio Version 17
VisualStudioVersion = 17.6.33626.354
MinimumVisualStudioVersion = 10.0.40219.1
Project("{FAE04EC0-301F-11D3-BF4B-00C04F79EFBC}") = "Store.Web", "Store.Web\Store.Web.csproj", "{F93D3E45-9939-49E9-B4E9-51A1ED9C00DF}"
EndProject
Project("{FAE04EC0-301F-11D3-BF4B-00C04F79EFBC}") = "Store.BLL", "Store.BLL\Store.BLL.csproj", "{9B6007FE-88F8-4BE7-8CF9-2903647056E9}"
EndProject
Project("{FAE04EC0-301F-11D3-BF4B-00C04F79EFBC}") = "Store.BLL.Interfaces", "Store.BLL.Interfaces\Store.BLL.Interfaces.csproj", "{8E92DD19-01C0-4084-B4DD-090A69CCDBDA}"
EndProject
Project("{FAE04EC0-301F-11D3-BF4B-00C04F79EFBC}") = "Store.DAL", "Store.DAL\Store.DAL.csproj", "{C297A813-71B7-4EE0-B7CB-982387FFE006}"
EndProject
Project("{FAE04EC0-301F-11D3-BF4B-00C04F79EFBC}") = "Store.DAL.Interfaces", "Store.DAL.Interfaces\Store.DAL.Interfaces.csproj", "{362A3B41-0A1A-4538-A0FD-02D32CFF5E3C}"
EndProject
Project("{2150E333-8FDC-42A3-9474-1A3956D46DE8}") = "BLL", "BLL", "{436DCDBD-86AE-4D81-9AA7-31A37632259E}"
EndProject
Project("{2150E333-8FDC-42A3-9474-1A3956D46DE8}") = "DAL", "DAL", "{EBFFB6EA-1C09-428F-8678-A11A0FBC19E2}"
EndProject
Project("{FAE04EC0-301F-11D3-BF4B-00C04F79EFBC}") = "Store.DAL.MSSQL", "Store.DAL.MSSQL\Store.DAL.MSSQL.csproj", "{BEDBC897-C638-4F25-85B5-4F20036E987F}"
EndProject
Project("{9A19103F-16F7-4668-BE54-9A1E7A4F7556}") = "Store.DAL.BaseDB", "Store.DAL.BaseDB\Store.DAL.BaseDB.csproj", "{2AED674A-F8FE-44D7-9A1D-77AEF856631E}"
EndProject
Project("{9A19103F-16F7-4668-BE54-9A1E7A4F7556}") = "Store.DAL.PGSQL", "Store.DAL.PG\Store.DAL.PGSQL.csproj", "{7775E6D2-2B70-439C-BA7E-36A8872D8AB5}"
EndProject
Global
	GlobalSection(SolutionConfigurationPlatforms) = preSolution
		Debug|Any CPU = Debug|Any CPU
		Release|Any CPU = Release|Any CPU
	EndGlobalSection
	GlobalSection(ProjectConfigurationPlatforms) = postSolution
		{F93D3E45-9939-49E9-B4E9-51A1ED9C00DF}.Debug|Any CPU.ActiveCfg = Debug|Any CPU
		{F93D3E45-9939-49E9-B4E9-51A1ED9C00DF}.Debug|Any CPU.Build.0 = Debug|Any CPU
		{F93D3E45-9939-49E9-B4E9-51A1ED9C00DF}.Release|Any CPU.ActiveCfg = Release|Any CPU
		{F93D3E45-9939-49E9-B4E9-51A1ED9C00DF}.Release|Any CPU.Build.0 = Release|Any CPU
		{9B6007FE-88F8-4BE7-8CF9-2903647056E9}.Debug|Any CPU.ActiveCfg = Debug|Any CPU
		{9B6007FE-88F8-4BE7-8CF9-2903647056E9}.Debug|Any CPU.Build.0 = Debug|Any CPU
		{9B6007FE-88F8-4BE7-8CF9-2903647056E9}.Release|Any CPU.ActiveCfg = Release|Any CPU
		{9B6007FE-88F8-4BE7-8CF9-2903647056E9}.Release|Any CPU.Build.0 = Release|Any CPU
		{8E92DD19-01C0-4084-B4DD-090A69CCDBDA}.Debug|Any CPU.ActiveCfg = Debug|Any CPU
		{8E92DD19-01C0-4084-B4DD-090A69CCDBDA}.Debug|Any CPU.Build.0 = Debug|Any CPU
		{8E92DD19-01C0-4084-B4DD-090A69CCDBDA}.Release|Any CPU.ActiveCfg = Release|Any CPU
		{8E92DD19-01C0-4084-B4DD-090A69CCDBDA}.Release|Any CPU.Build.0 = Release|Any CPU
		{C297A813-71B7-4EE0-B7CB-982387FFE006}.Debug|Any CPU.ActiveCfg = Debug|Any CPU
		{C297A813-71B7-4EE0-B7CB-982387FFE006}.Debug|Any CPU.Build.0 = Debug|Any CPU
		{C297A813-71B7-4EE0-B7CB-982387FFE006}.Release|Any CPU.ActiveCfg = Release|Any CPU
		{C297A813-71B7-4EE0-B7CB-982387FFE006}.Release|Any CPU.Build.0 = Release|Any CPU
		{362A3B41-0A1A-4538-A0FD-02D32CFF5E3C}.Debug|Any CPU.ActiveCfg = Debug|Any CPU
		{362A3B41-0A1A-4538-A0FD-02D32CFF5E3C}.Debug|Any CPU.Build.0 = Debug|Any CPU
		{362A3B41-0A1A-4538-A0FD-02D32CFF5E3C}.Release|Any CPU.ActiveCfg = Release|Any CPU
		{362A3B41-0A1A-4538-A0FD-02D32CFF5E3C}.Release|Any CPU.Build.0 = Release|Any CPU
		{BEDBC897-C638-4F25-85B5-4F20036E987F}.Debug|Any CPU.ActiveCfg = Debug|Any CPU
		{BEDBC897-C638-4F25-85B5-4F20036E987F}.Debug|Any CPU.Build.0 = Debug|Any CPU
		{BEDBC897-C638-4F25-85B5-4F20036E987F}.Release|Any CPU.ActiveCfg = Release|Any CPU
		{BEDBC897-C638-4F25-85B5-4F20036E987F}.Release|Any CPU.Build.0 = Release|Any CPU
		{2AED674A-F8FE-44D7-9A1D-77AEF856631E}.Debug|Any CPU.ActiveCfg = Debug|Any CPU
		{2AED674A-F8FE-44D7-9A1D-77AEF856631E}.Debug|Any CPU.Build.0 = Debug|Any CPU
		{2AED674A-F8FE-44D7-9A1D-77AEF856631E}.Release|Any CPU.ActiveCfg = Release|Any CPU
		{2AED674A-F8FE-44D7-9A1D-77AEF856631E}.Release|Any CPU.Build.0 = Release|Any CPU
		{7775E6D2-2B70-439C-BA7E-36A8872D8AB5}.Debug|Any CPU.ActiveCfg = Debug|Any CPU
		{7775E6D2-2B70-439C-BA7E-36A8872D8AB5}.Debug|Any CPU.Build.0 = Debug|Any CPU
		{7775E6D2-2B70-439C-BA7E-36A8872D8AB5}.Release|Any CPU.ActiveCfg = Release|Any CPU
		{7775E6D2-2B70-439C-BA7E-36A8872D8AB5}.Release|Any CPU.Build.0 = Release|Any CPU
	EndGlobalSection
	GlobalSection(SolutionProperties) = preSolution
		HideSolutionNode = FALSE
	EndGlobalSection
	GlobalSection(NestedProjects) = preSolution
		{9B6007FE-88F8-4BE7-8CF9-2903647056E9} = {436DCDBD-86AE-4D81-9AA7-31A37632259E}
		{8E92DD19-01C0-4084-B4DD-090A69CCDBDA} = {436DCDBD-86AE-4D81-9AA7-31A37632259E}
		{C297A813-71B7-4EE0-B7CB-982387FFE006} = {EBFFB6EA-1C09-428F-8678-A11A0FBC19E2}
		{362A3B41-0A1A-4538-A0FD-02D32CFF5E3C} = {EBFFB6EA-1C09-428F-8678-A11A0FBC19E2}
		{BEDBC897-C638-4F25-85B5-4F20036E987F} = {EBFFB6EA-1C09-428F-8678-A11A0FBC19E2}
		{2AED674A-F8FE-44D7-9A1D-77AEF856631E} = {EBFFB6EA-1C09-428F-8678-A11A0FBC19E2}
		{7775E6D2-2B70-439C-BA7E-36A8872D8AB5} = {EBFFB6EA-1C09-428F-8678-A11A0FBC19E2}
	EndGlobalSection
	GlobalSection(ExtensibilityGlobals) = postSolution
		SolutionGuid = {085C1DF6-24E2-417E-BB04-9F9AD95AFCE9}
	EndGlobalSection
EndGlobal
