
Microsoft Visual Studio Solution File, Format Version 12.00
# Visual Studio Version 17
VisualStudioVersion = 17.6.33626.354
MinimumVisualStudioVersion = 10.0.40219.1
Project("{9A19103F-16F7-4668-BE54-9A1E7A4F7556}") = "Store.Web", "Store.Web\Store.Web.csproj", "{F93D3E45-9939-49E9-B4E9-51A1ED9C00DF}"
EndProject
Project("{2150E333-8FDC-42A3-9474-1A3956D46DE8}") = "BLL", "BLL", "{436DCDBD-86AE-4D81-9AA7-31A37632259E}"
EndProject
Project("{2150E333-8FDC-42A3-9474-1A3956D46DE8}") = "DAL", "DAL", "{EBFFB6EA-1C09-428F-8678-A11A0FBC19E2}"
EndProject
Project("{9A19103F-16F7-4668-BE54-9A1E7A4F7556}") = "Store.DAL", "DAL\Store.DAL\Store.DAL.csproj", "{67D26128-966C-4C68-8E5D-B3E02C5D5EF5}"
EndProject
Project("{9A19103F-16F7-4668-BE54-9A1E7A4F7556}") = "Store.DAL.Interfaces", "DAL\Store.DAL.Interfaces\Store.DAL.Interfaces.csproj", "{21BF62DE-5D02-4608-B202-35796293DC7F}"
EndProject
Project("{9A19103F-16F7-4668-BE54-9A1E7A4F7556}") = "Store.DAL.MSSQL", "DAL\Store.DAL.MSSQL\Store.DAL.MSSQL.csproj", "{D8DF0152-3D5A-45F3-B39C-806D4A8C3D6F}"
EndProject
Project("{9A19103F-16F7-4668-BE54-9A1E7A4F7556}") = "Store.DAL.PGSQL", "DAL\Store.DAL.PGSQL\Store.DAL.PGSQL.csproj", "{22FE2DCD-1D2E-400F-93A7-15E5084C954A}"
EndProject
Project("{9A19103F-16F7-4668-BE54-9A1E7A4F7556}") = "Store.BLL", "BLL\Store.BLL\Store.BLL.csproj", "{2E26356C-22BD-4CF7-A4A3-4D1286C73BEE}"
EndProject
Project("{9A19103F-16F7-4668-BE54-9A1E7A4F7556}") = "Store.BLL.Interfaces", "BLL\Store.BLL.Interfaces\Store.BLL.Interfaces.csproj", "{37D62A72-1499-47E3-9A3D-489EB9ECAA2E}"
EndProject
Global
	GlobalSection(SolutionConfigurationPlatforms) = preSolution
		Debug|Any CPU = Debug|Any CPU
		Release|Any CPU = Release|Any CPU
	EndGlobalSection
	GlobalSection(ProjectConfigurationPlatforms) = postSolution
		{F93D3E45-9939-49E9-B4E9-51A1ED9C00DF}.Debug|Any CPU.ActiveCfg = Debug|Any CPU
		{F93D3E45-9939-49E9-B4E9-51A1ED9C00DF}.Debug|Any CPU.Build.0 = Debug|Any CPU
		{F93D3E45-9939-49E9-B4E9-51A1ED9C00DF}.Release|Any CPU.ActiveCfg = Release|Any CPU
		{F93D3E45-9939-49E9-B4E9-51A1ED9C00DF}.Release|Any CPU.Build.0 = Release|Any CPU
		{67D26128-966C-4C68-8E5D-B3E02C5D5EF5}.Debug|Any CPU.ActiveCfg = Debug|Any CPU
		{67D26128-966C-4C68-8E5D-B3E02C5D5EF5}.Debug|Any CPU.Build.0 = Debug|Any CPU
		{67D26128-966C-4C68-8E5D-B3E02C5D5EF5}.Release|Any CPU.ActiveCfg = Release|Any CPU
		{67D26128-966C-4C68-8E5D-B3E02C5D5EF5}.Release|Any CPU.Build.0 = Release|Any CPU
		{21BF62DE-5D02-4608-B202-35796293DC7F}.Debug|Any CPU.ActiveCfg = Debug|Any CPU
		{21BF62DE-5D02-4608-B202-35796293DC7F}.Debug|Any CPU.Build.0 = Debug|Any CPU
		{21BF62DE-5D02-4608-B202-35796293DC7F}.Release|Any CPU.ActiveCfg = Release|Any CPU
		{21BF62DE-5D02-4608-B202-35796293DC7F}.Release|Any CPU.Build.0 = Release|Any CPU
		{D8DF0152-3D5A-45F3-B39C-806D4A8C3D6F}.Debug|Any CPU.ActiveCfg = Debug|Any CPU
		{D8DF0152-3D5A-45F3-B39C-806D4A8C3D6F}.Debug|Any CPU.Build.0 = Debug|Any CPU
		{D8DF0152-3D5A-45F3-B39C-806D4A8C3D6F}.Release|Any CPU.ActiveCfg = Release|Any CPU
		{D8DF0152-3D5A-45F3-B39C-806D4A8C3D6F}.Release|Any CPU.Build.0 = Release|Any CPU
		{22FE2DCD-1D2E-400F-93A7-15E5084C954A}.Debug|Any CPU.ActiveCfg = Debug|Any CPU
		{22FE2DCD-1D2E-400F-93A7-15E5084C954A}.Debug|Any CPU.Build.0 = Debug|Any CPU
		{22FE2DCD-1D2E-400F-93A7-15E5084C954A}.Release|Any CPU.ActiveCfg = Release|Any CPU
		{22FE2DCD-1D2E-400F-93A7-15E5084C954A}.Release|Any CPU.Build.0 = Release|Any CPU
		{2E26356C-22BD-4CF7-A4A3-4D1286C73BEE}.Debug|Any CPU.ActiveCfg = Debug|Any CPU
		{2E26356C-22BD-4CF7-A4A3-4D1286C73BEE}.Debug|Any CPU.Build.0 = Debug|Any CPU
		{2E26356C-22BD-4CF7-A4A3-4D1286C73BEE}.Release|Any CPU.ActiveCfg = Release|Any CPU
		{2E26356C-22BD-4CF7-A4A3-4D1286C73BEE}.Release|Any CPU.Build.0 = Release|Any CPU
		{37D62A72-1499-47E3-9A3D-489EB9ECAA2E}.Debug|Any CPU.ActiveCfg = Debug|Any CPU
		{37D62A72-1499-47E3-9A3D-489EB9ECAA2E}.Debug|Any CPU.Build.0 = Debug|Any CPU
		{37D62A72-1499-47E3-9A3D-489EB9ECAA2E}.Release|Any CPU.ActiveCfg = Release|Any CPU
		{37D62A72-1499-47E3-9A3D-489EB9ECAA2E}.Release|Any CPU.Build.0 = Release|Any CPU
	EndGlobalSection
	GlobalSection(SolutionProperties) = preSolution
		HideSolutionNode = FALSE
	EndGlobalSection
	GlobalSection(NestedProjects) = preSolution
		{67D26128-966C-4C68-8E5D-B3E02C5D5EF5} = {EBFFB6EA-1C09-428F-8678-A11A0FBC19E2}
		{21BF62DE-5D02-4608-B202-35796293DC7F} = {EBFFB6EA-1C09-428F-8678-A11A0FBC19E2}
		{D8DF0152-3D5A-45F3-B39C-806D4A8C3D6F} = {EBFFB6EA-1C09-428F-8678-A11A0FBC19E2}
		{22FE2DCD-1D2E-400F-93A7-15E5084C954A} = {EBFFB6EA-1C09-428F-8678-A11A0FBC19E2}
		{2E26356C-22BD-4CF7-A4A3-4D1286C73BEE} = {436DCDBD-86AE-4D81-9AA7-31A37632259E}
		{37D62A72-1499-47E3-9A3D-489EB9ECAA2E} = {436DCDBD-86AE-4D81-9AA7-31A37632259E}
	EndGlobalSection
	GlobalSection(ExtensibilityGlobals) = postSolution
		SolutionGuid = {085C1DF6-24E2-417E-BB04-9F9AD95AFCE9}
	EndGlobalSection
EndGlobal
